// !$*UTF8*$!
{
	archiveVersion = 1;
	classes = {
	};
	objectVersion = 56;
	objects = {

/* Begin PBXBuildFile section */
		855CB1A32AA89DA4009BFB0A /* IncrementMiddleware.swift in Sources */ = {isa = PBXBuildFile; fileRef = 855CB1A22AA89DA4009BFB0A /* IncrementMiddleware.swift */; };
		85D206AB2AA7A40D00392816 /* AddTaskView.swift in Sources */ = {isa = PBXBuildFile; fileRef = 85D206AA2AA7A40D00392816 /* AddTaskView.swift */; };
		85D206AE2AA894EC00392816 /* LogMiddleware.swift in Sources */ = {isa = PBXBuildFile; fileRef = 85D206AD2AA894EC00392816 /* LogMiddleware.swift */; };
		85F1A5572A7FF52B00E4EAFB /* ReduxDemoApp.swift in Sources */ = {isa = PBXBuildFile; fileRef = 85F1A5562A7FF52B00E4EAFB /* ReduxDemoApp.swift */; };
		85F1A5592A7FF52C00E4EAFB /* ContentView.swift in Sources */ = {isa = PBXBuildFile; fileRef = 85F1A5582A7FF52C00E4EAFB /* ContentView.swift */; };
		85F1A55B2A7FF52D00E4EAFB /* Assets.xcassets in Resources */ = {isa = PBXBuildFile; fileRef = 85F1A55A2A7FF52D00E4EAFB /* Assets.xcassets */; };
		85F1A55E2A7FF52D00E4EAFB /* Preview Assets.xcassets in Resources */ = {isa = PBXBuildFile; fileRef = 85F1A55D2A7FF52D00E4EAFB /* Preview Assets.xcassets */; };
		85F1A56A2AA7184D00E4EAFB /* Reducer.swift in Sources */ = {isa = PBXBuildFile; fileRef = 85F1A5692AA7184D00E4EAFB /* Reducer.swift */; };
		85F1A56C2AA7187F00E4EAFB /* Store.swift in Sources */ = {isa = PBXBuildFile; fileRef = 85F1A56B2AA7187F00E4EAFB /* Store.swift */; };
		85F1A56F2AA718AB00E4EAFB /* AppState.swift in Sources */ = {isa = PBXBuildFile; fileRef = 85F1A56E2AA718AB00E4EAFB /* AppState.swift */; };
		85F1A5722AA718D600E4EAFB /* ActionProtocol.swift in Sources */ = {isa = PBXBuildFile; fileRef = 85F1A5712AA718D600E4EAFB /* ActionProtocol.swift */; };
		85F1A5772AA7190800E4EAFB /* ActionImpl.swift in Sources */ = {isa = PBXBuildFile; fileRef = 85F1A5762AA7190800E4EAFB /* ActionImpl.swift */; };
		85F1A5792AA72A0A00E4EAFB /* CounterReducer.swift in Sources */ = {isa = PBXBuildFile; fileRef = 85F1A5782AA72A0A00E4EAFB /* CounterReducer.swift */; };
		85F1A57B2AA72AB300E4EAFB /* AppReducer.swift in Sources */ = {isa = PBXBuildFile; fileRef = 85F1A57A2AA72AB300E4EAFB /* AppReducer.swift */; };
		85F1A57D2AA72B1600E4EAFB /* CounterState.swift in Sources */ = {isa = PBXBuildFile; fileRef = 85F1A57C2AA72B1600E4EAFB /* CounterState.swift */; };
		85F1A57F2AA72B4800E4EAFB /* ReduxStateProtocol.swift in Sources */ = {isa = PBXBuildFile; fileRef = 85F1A57E2AA72B4800E4EAFB /* ReduxStateProtocol.swift */; };
		85F1A5812AA72F6C00E4EAFB /* TaskState.swift in Sources */ = {isa = PBXBuildFile; fileRef = 85F1A5802AA72F6C00E4EAFB /* TaskState.swift */; };
		85F1A5842AA72F9400E4EAFB /* Task.swift in Sources */ = {isa = PBXBuildFile; fileRef = 85F1A5832AA72F9400E4EAFB /* Task.swift */; };
		85F1A5862AA7301E00E4EAFB /* TaskReducer.swift in Sources */ = {isa = PBXBuildFile; fileRef = 85F1A5852AA7301E00E4EAFB /* TaskReducer.swift */; };
/* End PBXBuildFile section */

/* Begin PBXFileReference section */
		855CB1A22AA89DA4009BFB0A /* IncrementMiddleware.swift */ = {isa = PBXFileReference; lastKnownFileType = sourcecode.swift; path = IncrementMiddleware.swift; sourceTree = "<group>"; };
		85D206AA2AA7A40D00392816 /* AddTaskView.swift */ = {isa = PBXFileReference; lastKnownFileType = sourcecode.swift; path = AddTaskView.swift; sourceTree = "<group>"; };
		85D206AD2AA894EC00392816 /* LogMiddleware.swift */ = {isa = PBXFileReference; lastKnownFileType = sourcecode.swift; path = LogMiddleware.swift; sourceTree = "<group>"; };
		85F1A5532A7FF52B00E4EAFB /* ReduxDemo.app */ = {isa = PBXFileReference; explicitFileType = wrapper.application; includeInIndex = 0; path = ReduxDemo.app; sourceTree = BUILT_PRODUCTS_DIR; };
		85F1A5562A7FF52B00E4EAFB /* ReduxDemoApp.swift */ = {isa = PBXFileReference; lastKnownFileType = sourcecode.swift; path = ReduxDemoApp.swift; sourceTree = "<group>"; };
		85F1A5582A7FF52C00E4EAFB /* ContentView.swift */ = {isa = PBXFileReference; lastKnownFileType = sourcecode.swift; path = ContentView.swift; sourceTree = "<group>"; };
		85F1A55A2A7FF52D00E4EAFB /* Assets.xcassets */ = {isa = PBXFileReference; lastKnownFileType = folder.assetcatalog; path = Assets.xcassets; sourceTree = "<group>"; };
		85F1A55D2A7FF52D00E4EAFB /* Preview Assets.xcassets */ = {isa = PBXFileReference; lastKnownFileType = folder.assetcatalog; path = "Preview Assets.xcassets"; sourceTree = "<group>"; };
		85F1A5692AA7184D00E4EAFB /* Reducer.swift */ = {isa = PBXFileReference; lastKnownFileType = sourcecode.swift; path = Reducer.swift; sourceTree = "<group>"; };
		85F1A56B2AA7187F00E4EAFB /* Store.swift */ = {isa = PBXFileReference; lastKnownFileType = sourcecode.swift; path = Store.swift; sourceTree = "<group>"; };
		85F1A56E2AA718AB00E4EAFB /* AppState.swift */ = {isa = PBXFileReference; lastKnownFileType = sourcecode.swift; path = AppState.swift; sourceTree = "<group>"; };
		85F1A5712AA718D600E4EAFB /* ActionProtocol.swift */ = {isa = PBXFileReference; lastKnownFileType = sourcecode.swift; path = ActionProtocol.swift; sourceTree = "<group>"; };
		85F1A5762AA7190800E4EAFB /* ActionImpl.swift */ = {isa = PBXFileReference; lastKnownFileType = sourcecode.swift; path = ActionImpl.swift; sourceTree = "<group>"; };
		85F1A5782AA72A0A00E4EAFB /* CounterReducer.swift */ = {isa = PBXFileReference; lastKnownFileType = sourcecode.swift; path = CounterReducer.swift; sourceTree = "<group>"; };
		85F1A57A2AA72AB300E4EAFB /* AppReducer.swift */ = {isa = PBXFileReference; lastKnownFileType = sourcecode.swift; path = AppReducer.swift; sourceTree = "<group>"; };
		85F1A57C2AA72B1600E4EAFB /* CounterState.swift */ = {isa = PBXFileReference; lastKnownFileType = sourcecode.swift; path = CounterState.swift; sourceTree = "<group>"; };
		85F1A57E2AA72B4800E4EAFB /* ReduxStateProtocol.swift */ = {isa = PBXFileReference; lastKnownFileType = sourcecode.swift; path = ReduxStateProtocol.swift; sourceTree = "<group>"; };
		85F1A5802AA72F6C00E4EAFB /* TaskState.swift */ = {isa = PBXFileReference; lastKnownFileType = sourcecode.swift; path = TaskState.swift; sourceTree = "<group>"; };
		85F1A5832AA72F9400E4EAFB /* Task.swift */ = {isa = PBXFileReference; lastKnownFileType = sourcecode.swift; path = Task.swift; sourceTree = "<group>"; };
		85F1A5852AA7301E00E4EAFB /* TaskReducer.swift */ = {isa = PBXFileReference; lastKnownFileType = sourcecode.swift; path = TaskReducer.swift; sourceTree = "<group>"; };
/* End PBXFileReference section */

/* Begin PBXFrameworksBuildPhase section */
		85F1A5502A7FF52B00E4EAFB /* Frameworks */ = {
			isa = PBXFrameworksBuildPhase;
			buildActionMask = 2147483647;
			files = (
			);
			runOnlyForDeploymentPostprocessing = 0;
		};
/* End PBXFrameworksBuildPhase section */

/* Begin PBXGroup section */
		85D206AC2AA894DD00392816 /* Middleware */ = {
			isa = PBXGroup;
			children = (
				85D206AD2AA894EC00392816 /* LogMiddleware.swift */,
				855CB1A22AA89DA4009BFB0A /* IncrementMiddleware.swift */,
			);
			path = Middleware;
			sourceTree = "<group>";
		};
		85F1A54A2A7FF52B00E4EAFB = {
			isa = PBXGroup;
			children = (
				85F1A5552A7FF52B00E4EAFB /* ReduxDemo */,
				85F1A5542A7FF52B00E4EAFB /* Products */,
			);
			sourceTree = "<group>";
		};
		85F1A5542A7FF52B00E4EAFB /* Products */ = {
			isa = PBXGroup;
			children = (
				85F1A5532A7FF52B00E4EAFB /* ReduxDemo.app */,
			);
			name = Products;
			sourceTree = "<group>";
		};
		85F1A5552A7FF52B00E4EAFB /* ReduxDemo */ = {
			isa = PBXGroup;
			children = (
				85F1A5822AA72F8600E4EAFB /* Models */,
				85F1A5652A7FF55B00E4EAFB /* Store */,
				85F1A5562A7FF52B00E4EAFB /* ReduxDemoApp.swift */,
				85F1A5582A7FF52C00E4EAFB /* ContentView.swift */,
				85D206AA2AA7A40D00392816 /* AddTaskView.swift */,
				85F1A55A2A7FF52D00E4EAFB /* Assets.xcassets */,
				85F1A55C2A7FF52D00E4EAFB /* Preview Content */,
			);
			path = ReduxDemo;
			sourceTree = "<group>";
		};
		85F1A55C2A7FF52D00E4EAFB /* Preview Content */ = {
			isa = PBXGroup;
			children = (
				85F1A55D2A7FF52D00E4EAFB /* Preview Assets.xcassets */,
			);
			path = "Preview Content";
			sourceTree = "<group>";
		};
		85F1A5652A7FF55B00E4EAFB /* Store */ = {
			isa = PBXGroup;
			children = (
				85D206AC2AA894DD00392816 /* Middleware */,
				85F1A5682AA7177600E4EAFB /* Reducer */,
				85F1A56D2AA7189D00E4EAFB /* Store */,
				85F1A5702AA718AF00E4EAFB /* State */,
				85F1A5732AA718D900E4EAFB /* Action */,
			);
			path = Store;
			sourceTree = "<group>";
		};
		85F1A5682AA7177600E4EAFB /* Reducer */ = {
			isa = PBXGroup;
			children = (
				85F1A5692AA7184D00E4EAFB /* Reducer.swift */,
				85F1A5782AA72A0A00E4EAFB /* CounterReducer.swift */,
				85F1A57A2AA72AB300E4EAFB /* AppReducer.swift */,
				85F1A5852AA7301E00E4EAFB /* TaskReducer.swift */,
			);
			path = Reducer;
			sourceTree = "<group>";
		};
		85F1A56D2AA7189D00E4EAFB /* Store */ = {
			isa = PBXGroup;
			children = (
				85F1A56B2AA7187F00E4EAFB /* Store.swift */,
			);
			path = Store;
			sourceTree = "<group>";
		};
		85F1A5702AA718AF00E4EAFB /* State */ = {
			isa = PBXGroup;
			children = (
				85F1A56E2AA718AB00E4EAFB /* AppState.swift */,
				85F1A57C2AA72B1600E4EAFB /* CounterState.swift */,
				85F1A57E2AA72B4800E4EAFB /* ReduxStateProtocol.swift */,
				85F1A5802AA72F6C00E4EAFB /* TaskState.swift */,
			);
			path = State;
			sourceTree = "<group>";
		};
		85F1A5732AA718D900E4EAFB /* Action */ = {
			isa = PBXGroup;
			children = (
				85F1A5712AA718D600E4EAFB /* ActionProtocol.swift */,
				85F1A5762AA7190800E4EAFB /* ActionImpl.swift */,
			);
			path = Action;
			sourceTree = "<group>";
		};
		85F1A5822AA72F8600E4EAFB /* Models */ = {
			isa = PBXGroup;
			children = (
				85F1A5832AA72F9400E4EAFB /* Task.swift */,
			);
			path = Models;
			sourceTree = "<group>";
		};
/* End PBXGroup section */

/* Begin PBXNativeTarget section */
		85F1A5522A7FF52B00E4EAFB /* ReduxDemo */ = {
			isa = PBXNativeTarget;
			buildConfigurationList = 85F1A5612A7FF52D00E4EAFB /* Build configuration list for PBXNativeTarget "ReduxDemo" */;
			buildPhases = (
				85F1A54F2A7FF52B00E4EAFB /* Sources */,
				85F1A5502A7FF52B00E4EAFB /* Frameworks */,
				85F1A5512A7FF52B00E4EAFB /* Resources */,
			);
			buildRules = (
			);
			dependencies = (
			);
			name = ReduxDemo;
			productName = ReduxDemo;
			productReference = 85F1A5532A7FF52B00E4EAFB /* ReduxDemo.app */;
			productType = "com.apple.product-type.application";
		};
/* End PBXNativeTarget section */

/* Begin PBXProject section */
		85F1A54B2A7FF52B00E4EAFB /* Project object */ = {
			isa = PBXProject;
			attributes = {
				BuildIndependentTargetsInParallel = 1;
				LastSwiftUpdateCheck = 1430;
				LastUpgradeCheck = 1430;
				TargetAttributes = {
					85F1A5522A7FF52B00E4EAFB = {
						CreatedOnToolsVersion = 14.3.1;
					};
				};
			};
			buildConfigurationList = 85F1A54E2A7FF52B00E4EAFB /* Build configuration list for PBXProject "ReduxDemo" */;
			compatibilityVersion = "Xcode 14.0";
			developmentRegion = en;
			hasScannedForEncodings = 0;
			knownRegions = (
				en,
				Base,
			);
			mainGroup = 85F1A54A2A7FF52B00E4EAFB;
			productRefGroup = 85F1A5542A7FF52B00E4EAFB /* Products */;
			projectDirPath = "";
			projectRoot = "";
			targets = (
				85F1A5522A7FF52B00E4EAFB /* ReduxDemo */,
			);
		};
/* End PBXProject section */

/* Begin PBXResourcesBuildPhase section */
		85F1A5512A7FF52B00E4EAFB /* Resources */ = {
			isa = PBXResourcesBuildPhase;
			buildActionMask = 2147483647;
			files = (
				85F1A55E2A7FF52D00E4EAFB /* Preview Assets.xcassets in Resources */,
				85F1A55B2A7FF52D00E4EAFB /* Assets.xcassets in Resources */,
			);
			runOnlyForDeploymentPostprocessing = 0;
		};
/* End PBXResourcesBuildPhase section */

/* Begin PBXSourcesBuildPhase section */
		85F1A54F2A7FF52B00E4EAFB /* Sources */ = {
			isa = PBXSourcesBuildPhase;
			buildActionMask = 2147483647;
			files = (
				85F1A5592A7FF52C00E4EAFB /* ContentView.swift in Sources */,
				85F1A5792AA72A0A00E4EAFB /* CounterReducer.swift in Sources */,
				85F1A57F2AA72B4800E4EAFB /* ReduxStateProtocol.swift in Sources */,
				85F1A5722AA718D600E4EAFB /* ActionProtocol.swift in Sources */,
				85F1A57B2AA72AB300E4EAFB /* AppReducer.swift in Sources */,
				85F1A5572A7FF52B00E4EAFB /* ReduxDemoApp.swift in Sources */,
				85D206AB2AA7A40D00392816 /* AddTaskView.swift in Sources */,
				85F1A5772AA7190800E4EAFB /* ActionImpl.swift in Sources */,
				85F1A57D2AA72B1600E4EAFB /* CounterState.swift in Sources */,
				85F1A5842AA72F9400E4EAFB /* Task.swift in Sources */,
				85F1A56A2AA7184D00E4EAFB /* Reducer.swift in Sources */,
				85F1A56F2AA718AB00E4EAFB /* AppState.swift in Sources */,
				85F1A5862AA7301E00E4EAFB /* TaskReducer.swift in Sources */,
				85F1A5812AA72F6C00E4EAFB /* TaskState.swift in Sources */,
				855CB1A32AA89DA4009BFB0A /* IncrementMiddleware.swift in Sources */,
				85D206AE2AA894EC00392816 /* LogMiddleware.swift in Sources */,
				85F1A56C2AA7187F00E4EAFB /* Store.swift in Sources */,
			);
			runOnlyForDeploymentPostprocessing = 0;
		};
/* End PBXSourcesBuildPhase section */

/* Begin XCBuildConfiguration section */
		85F1A55F2A7FF52D00E4EAFB /* Debug */ = {
			isa = XCBuildConfiguration;
			buildSettings = {
				ALWAYS_SEARCH_USER_PATHS = NO;
				CLANG_ANALYZER_NONNULL = YES;
				CLANG_ANALYZER_NUMBER_OBJECT_CONVERSION = YES_AGGRESSIVE;
				CLANG_CXX_LANGUAGE_STANDARD = "gnu++20";
				CLANG_ENABLE_MODULES = YES;
				CLANG_ENABLE_OBJC_ARC = YES;
				CLANG_ENABLE_OBJC_WEAK = YES;
				CLANG_WARN_BLOCK_CAPTURE_AUTORELEASING = YES;
				CLANG_WARN_BOOL_CONVERSION = YES;
				CLANG_WARN_COMMA = YES;
				CLANG_WARN_CONSTANT_CONVERSION = YES;
				CLANG_WARN_DEPRECATED_OBJC_IMPLEMENTATIONS = YES;
				CLANG_WARN_DIRECT_OBJC_ISA_USAGE = YES_ERROR;
				CLANG_WARN_DOCUMENTATION_COMMENTS = YES;
				CLANG_WARN_EMPTY_BODY = YES;
				CLANG_WARN_ENUM_CONVERSION = YES;
				CLANG_WARN_INFINITE_RECURSION = YES;
				CLANG_WARN_INT_CONVERSION = YES;
				CLANG_WARN_NON_LITERAL_NULL_CONVERSION = YES;
				CLANG_WARN_OBJC_IMPLICIT_RETAIN_SELF = YES;
				CLANG_WARN_OBJC_LITERAL_CONVERSION = YES;
				CLANG_WARN_OBJC_ROOT_CLASS = YES_ERROR;
				CLANG_WARN_QUOTED_INCLUDE_IN_FRAMEWORK_HEADER = YES;
				CLANG_WARN_RANGE_LOOP_ANALYSIS = YES;
				CLANG_WARN_STRICT_PROTOTYPES = YES;
				CLANG_WARN_SUSPICIOUS_MOVE = YES;
				CLANG_WARN_UNGUARDED_AVAILABILITY = YES_AGGRESSIVE;
				CLANG_WARN_UNREACHABLE_CODE = YES;
				CLANG_WARN__DUPLICATE_METHOD_MATCH = YES;
				COPY_PHASE_STRIP = NO;
				DEBUG_INFORMATION_FORMAT = dwarf;
				ENABLE_STRICT_OBJC_MSGSEND = YES;
				ENABLE_TESTABILITY = YES;
				GCC_C_LANGUAGE_STANDARD = gnu11;
				GCC_DYNAMIC_NO_PIC = NO;
				GCC_NO_COMMON_BLOCKS = YES;
				GCC_OPTIMIZATION_LEVEL = 0;
				GCC_PREPROCESSOR_DEFINITIONS = (
					"DEBUG=1",
					"$(inherited)",
				);
				GCC_WARN_64_TO_32_BIT_CONVERSION = YES;
				GCC_WARN_ABOUT_RETURN_TYPE = YES_ERROR;
				GCC_WARN_UNDECLARED_SELECTOR = YES;
				GCC_WARN_UNINITIALIZED_AUTOS = YES_AGGRESSIVE;
				GCC_WARN_UNUSED_FUNCTION = YES;
				GCC_WARN_UNUSED_VARIABLE = YES;
				IPHONEOS_DEPLOYMENT_TARGET = 16.4;
				MTL_ENABLE_DEBUG_INFO = INCLUDE_SOURCE;
				MTL_FAST_MATH = YES;
				ONLY_ACTIVE_ARCH = YES;
				SDKROOT = iphoneos;
				SWIFT_ACTIVE_COMPILATION_CONDITIONS = DEBUG;
				SWIFT_OPTIMIZATION_LEVEL = "-Onone";
			};
			name = Debug;
		};
		85F1A5602A7FF52D00E4EAFB /* Release */ = {
			isa = XCBuildConfiguration;
			buildSettings = {
				ALWAYS_SEARCH_USER_PATHS = NO;
				CLANG_ANALYZER_NONNULL = YES;
				CLANG_ANALYZER_NUMBER_OBJECT_CONVERSION = YES_AGGRESSIVE;
				CLANG_CXX_LANGUAGE_STANDARD = "gnu++20";
				CLANG_ENABLE_MODULES = YES;
				CLANG_ENABLE_OBJC_ARC = YES;
				CLANG_ENABLE_OBJC_WEAK = YES;
				CLANG_WARN_BLOCK_CAPTURE_AUTORELEASING = YES;
				CLANG_WARN_BOOL_CONVERSION = YES;
				CLANG_WARN_COMMA = YES;
				CLANG_WARN_CONSTANT_CONVERSION = YES;
				CLANG_WARN_DEPRECATED_OBJC_IMPLEMENTATIONS = YES;
				CLANG_WARN_DIRECT_OBJC_ISA_USAGE = YES_ERROR;
				CLANG_WARN_DOCUMENTATION_COMMENTS = YES;
				CLANG_WARN_EMPTY_BODY = YES;
				CLANG_WARN_ENUM_CONVERSION = YES;
				CLANG_WARN_INFINITE_RECURSION = YES;
				CLANG_WARN_INT_CONVERSION = YES;
				CLANG_WARN_NON_LITERAL_NULL_CONVERSION = YES;
				CLANG_WARN_OBJC_IMPLICIT_RETAIN_SELF = YES;
				CLANG_WARN_OBJC_LITERAL_CONVERSION = YES;
				CLANG_WARN_OBJC_ROOT_CLASS = YES_ERROR;
				CLANG_WARN_QUOTED_INCLUDE_IN_FRAMEWORK_HEADER = YES;
				CLANG_WARN_RANGE_LOOP_ANALYSIS = YES;
				CLANG_WARN_STRICT_PROTOTYPES = YES;
				CLANG_WARN_SUSPICIOUS_MOVE = YES;
				CLANG_WARN_UNGUARDED_AVAILABILITY = YES_AGGRESSIVE;
				CLANG_WARN_UNREACHABLE_CODE = YES;
				CLANG_WARN__DUPLICATE_METHOD_MATCH = YES;
				COPY_PHASE_STRIP = NO;
				DEBUG_INFORMATION_FORMAT = "dwarf-with-dsym";
				ENABLE_NS_ASSERTIONS = NO;
				ENABLE_STRICT_OBJC_MSGSEND = YES;
				GCC_C_LANGUAGE_STANDARD = gnu11;
				GCC_NO_COMMON_BLOCKS = YES;
				GCC_WARN_64_TO_32_BIT_CONVERSION = YES;
				GCC_WARN_ABOUT_RETURN_TYPE = YES_ERROR;
				GCC_WARN_UNDECLARED_SELECTOR = YES;
				GCC_WARN_UNINITIALIZED_AUTOS = YES_AGGRESSIVE;
				GCC_WARN_UNUSED_FUNCTION = YES;
				GCC_WARN_UNUSED_VARIABLE = YES;
				IPHONEOS_DEPLOYMENT_TARGET = 16.4;
				MTL_ENABLE_DEBUG_INFO = NO;
				MTL_FAST_MATH = YES;
				SDKROOT = iphoneos;
				SWIFT_COMPILATION_MODE = wholemodule;
				SWIFT_OPTIMIZATION_LEVEL = "-O";
				VALIDATE_PRODUCT = YES;
			};
			name = Release;
		};
		85F1A5622A7FF52D00E4EAFB /* Debug */ = {
			isa = XCBuildConfiguration;
			buildSettings = {
				ASSETCATALOG_COMPILER_APPICON_NAME = AppIcon;
				ASSETCATALOG_COMPILER_GLOBAL_ACCENT_COLOR_NAME = AccentColor;
				CODE_SIGN_STYLE = Automatic;
				CURRENT_PROJECT_VERSION = 1;
				DEVELOPMENT_ASSET_PATHS = "\"ReduxDemo/Preview Content\"";
				DEVELOPMENT_TEAM = 7FR3SH4MDH;
				ENABLE_PREVIEWS = YES;
				GENERATE_INFOPLIST_FILE = YES;
				INFOPLIST_KEY_UIApplicationSceneManifest_Generation = YES;
				INFOPLIST_KEY_UIApplicationSupportsIndirectInputEvents = YES;
				INFOPLIST_KEY_UILaunchScreen_Generation = YES;
				INFOPLIST_KEY_UISupportedInterfaceOrientations_iPad = "UIInterfaceOrientationPortrait UIInterfaceOrientationPortraitUpsideDown UIInterfaceOrientationLandscapeLeft UIInterfaceOrientationLandscapeRight";
				INFOPLIST_KEY_UISupportedInterfaceOrientations_iPhone = "UIInterfaceOrientationPortrait UIInterfaceOrientationLandscapeLeft UIInterfaceOrientationLandscapeRight";
				LD_RUNPATH_SEARCH_PATHS = (
					"$(inherited)",
					"@executable_path/Frameworks",
				);
				MARKETING_VERSION = 1.0;
				PRODUCT_BUNDLE_IDENTIFIER = com.ayush.ReduxDemo;
				PRODUCT_NAME = "$(TARGET_NAME)";
				SWIFT_EMIT_LOC_STRINGS = YES;
				SWIFT_VERSION = 5.0;
				TARGETED_DEVICE_FAMILY = "1,2";
			};
			name = Debug;
		};
		85F1A5632A7FF52D00E4EAFB /* Release */ = {
			isa = XCBuildConfiguration;
			buildSettings = {
				ASSETCATALOG_COMPILER_APPICON_NAME = AppIcon;
				ASSETCATALOG_COMPILER_GLOBAL_ACCENT_COLOR_NAME = AccentColor;
				CODE_SIGN_STYLE = Automatic;
				CURRENT_PROJECT_VERSION = 1;
				DEVELOPMENT_ASSET_PATHS = "\"ReduxDemo/Preview Content\"";
				DEVELOPMENT_TEAM = 7FR3SH4MDH;
				ENABLE_PREVIEWS = YES;
				GENERATE_INFOPLIST_FILE = YES;
				INFOPLIST_KEY_UIApplicationSceneManifest_Generation = YES;
				INFOPLIST_KEY_UIApplicationSupportsIndirectInputEvents = YES;
				INFOPLIST_KEY_UILaunchScreen_Generation = YES;
				INFOPLIST_KEY_UISupportedInterfaceOrientations_iPad = "UIInterfaceOrientationPortrait UIInterfaceOrientationPortraitUpsideDown UIInterfaceOrientationLandscapeLeft UIInterfaceOrientationLandscapeRight";
				INFOPLIST_KEY_UISupportedInterfaceOrientations_iPhone = "UIInterfaceOrientationPortrait UIInterfaceOrientationLandscapeLeft UIInterfaceOrientationLandscapeRight";
				LD_RUNPATH_SEARCH_PATHS = (
					"$(inherited)",
					"@executable_path/Frameworks",
				);
				MARKETING_VERSION = 1.0;
				PRODUCT_BUNDLE_IDENTIFIER = com.ayush.ReduxDemo;
				PRODUCT_NAME = "$(TARGET_NAME)";
				SWIFT_EMIT_LOC_STRINGS = YES;
				SWIFT_VERSION = 5.0;
				TARGETED_DEVICE_FAMILY = "1,2";
			};
			name = Release;
		};
/* End XCBuildConfiguration section */

/* Begin XCConfigurationList section */
		85F1A54E2A7FF52B00E4EAFB /* Build configuration list for PBXProject "ReduxDemo" */ = {
			isa = XCConfigurationList;
			buildConfigurations = (
				85F1A55F2A7FF52D00E4EAFB /* Debug */,
				85F1A5602A7FF52D00E4EAFB /* Release */,
			);
			defaultConfigurationIsVisible = 0;
			defaultConfigurationName = Release;
		};
		85F1A5612A7FF52D00E4EAFB /* Build configuration list for PBXNativeTarget "ReduxDemo" */ = {
			isa = XCConfigurationList;
			buildConfigurations = (
				85F1A5622A7FF52D00E4EAFB /* Debug */,
				85F1A5632A7FF52D00E4EAFB /* Release */,
			);
			defaultConfigurationIsVisible = 0;
			defaultConfigurationName = Release;
		};
/* End XCConfigurationList section */
	};
	rootObject = 85F1A54B2A7FF52B00E4EAFB /* Project object */;
}
